
Microsoft Visual Studio Solution File, Format Version 12.00
# Visual Studio 15
VisualStudioVersion = 15.0.27428.2027
MinimumVisualStudioVersion = 10.0.40219.1
Project("{FAE04EC0-301F-11D3-BF4B-00C04F79EFBC}") = "AnalysisOfData", "AnalysisOfData\AnalysisOfData.csproj", "{FF2F25E7-7BF8-454B-BB24-BC22E9314902}"
EndProject
Project("{FAE04EC0-301F-11D3-BF4B-00C04F79EFBC}") = "Storage", "Storage\Storage.csproj", "{BA62CA3C-B0CB-40F0-B082-EE8C387F8FF1}"
EndProject
Project("{FAE04EC0-301F-11D3-BF4B-00C04F79EFBC}") = "Entities", "Entities\Entities.csproj", "{95FE02F8-24C5-424F-9CAE-B87B76BADAE8}"
EndProject
Project("{FAE04EC0-301F-11D3-BF4B-00C04F79EFBC}") = "Services", "Services\Services.csproj", "{AE4500A4-EA66-45EF-87A4-CF529EB3A53C}"
EndProject
Global
	GlobalSection(SolutionConfigurationPlatforms) = preSolution
		Debug|Any CPU = Debug|Any CPU
		Release|Any CPU = Release|Any CPU
	EndGlobalSection
	GlobalSection(ProjectConfigurationPlatforms) = postSolution
		{FF2F25E7-7BF8-454B-BB24-BC22E9314902}.Debug|Any CPU.ActiveCfg = Debug|Any CPU
		{FF2F25E7-7BF8-454B-BB24-BC22E9314902}.Debug|Any CPU.Build.0 = Debug|Any CPU
		{FF2F25E7-7BF8-454B-BB24-BC22E9314902}.Release|Any CPU.ActiveCfg = Release|Any CPU
		{FF2F25E7-7BF8-454B-BB24-BC22E9314902}.Release|Any CPU.Build.0 = Release|Any CPU
		{BA62CA3C-B0CB-40F0-B082-EE8C387F8FF1}.Debug|Any CPU.ActiveCfg = Debug|Any CPU
		{BA62CA3C-B0CB-40F0-B082-EE8C387F8FF1}.Debug|Any CPU.Build.0 = Debug|Any CPU
		{BA62CA3C-B0CB-40F0-B082-EE8C387F8FF1}.Release|Any CPU.ActiveCfg = Release|Any CPU
		{BA62CA3C-B0CB-40F0-B082-EE8C387F8FF1}.Release|Any CPU.Build.0 = Release|Any CPU
		{95FE02F8-24C5-424F-9CAE-B87B76BADAE8}.Debug|Any CPU.ActiveCfg = Debug|Any CPU
		{95FE02F8-24C5-424F-9CAE-B87B76BADAE8}.Debug|Any CPU.Build.0 = Debug|Any CPU
		{95FE02F8-24C5-424F-9CAE-B87B76BADAE8}.Release|Any CPU.ActiveCfg = Release|Any CPU
		{95FE02F8-24C5-424F-9CAE-B87B76BADAE8}.Release|Any CPU.Build.0 = Release|Any CPU
		{AE4500A4-EA66-45EF-87A4-CF529EB3A53C}.Debug|Any CPU.ActiveCfg = Debug|Any CPU
		{AE4500A4-EA66-45EF-87A4-CF529EB3A53C}.Debug|Any CPU.Build.0 = Debug|Any CPU
		{AE4500A4-EA66-45EF-87A4-CF529EB3A53C}.Release|Any CPU.ActiveCfg = Release|Any CPU
		{AE4500A4-EA66-45EF-87A4-CF529EB3A53C}.Release|Any CPU.Build.0 = Release|Any CPU
	EndGlobalSection
	GlobalSection(SolutionProperties) = preSolution
		HideSolutionNode = FALSE
	EndGlobalSection
	GlobalSection(ExtensibilityGlobals) = postSolution
		SolutionGuid = {7E87A2FA-F333-4429-8A78-8FF218C0BA26}
	EndGlobalSection
EndGlobal
